
Microsoft Visual Studio Solution File, Format Version 12.00
# Visual Studio Version 16
VisualStudioVersion = 16.0.31424.327
MinimumVisualStudioVersion = 10.0.40219.1
Project("{9A19103F-16F7-4668-BE54-9A1E7A4F7556}") = "VehicleManagement", "VehicleManagement.csproj", "{2524791F-AFEE-4C91-8644-B49AFE1E7031}"
EndProject
Project("{00D1A9C2-B5F0-4AF3-8072-F6C62B433612}") = "VehicleManagement.Database", "..\VehicleManagement.Database\VehicleManagement.Database.sqlproj", "{629110B3-8E61-4E7B-86F6-E252B8F0B408}"
EndProject
Project("{FAE04EC0-301F-11D3-BF4B-00C04F79EFBC}") = "VehicleManagement.Data", "..\VehicleManagement.Data\VehicleManagement.Data.csproj", "{5F9D0646-F454-4058-806A-7B07F4124DFB}"
EndProject
Global
	GlobalSection(SolutionConfigurationPlatforms) = preSolution
		Debug|Any CPU = Debug|Any CPU
		Release|Any CPU = Release|Any CPU
	EndGlobalSection
	GlobalSection(ProjectConfigurationPlatforms) = postSolution
		{2524791F-AFEE-4C91-8644-B49AFE1E7031}.Debug|Any CPU.ActiveCfg = Debug|Any CPU
		{2524791F-AFEE-4C91-8644-B49AFE1E7031}.Debug|Any CPU.Build.0 = Debug|Any CPU
		{2524791F-AFEE-4C91-8644-B49AFE1E7031}.Release|Any CPU.ActiveCfg = Release|Any CPU
		{2524791F-AFEE-4C91-8644-B49AFE1E7031}.Release|Any CPU.Build.0 = Release|Any CPU
		{629110B3-8E61-4E7B-86F6-E252B8F0B408}.Debug|Any CPU.ActiveCfg = Debug|Any CPU
		{629110B3-8E61-4E7B-86F6-E252B8F0B408}.Debug|Any CPU.Build.0 = Debug|Any CPU
		{629110B3-8E61-4E7B-86F6-E252B8F0B408}.Debug|Any CPU.Deploy.0 = Debug|Any CPU
		{629110B3-8E61-4E7B-86F6-E252B8F0B408}.Release|Any CPU.ActiveCfg = Release|Any CPU
		{629110B3-8E61-4E7B-86F6-E252B8F0B408}.Release|Any CPU.Build.0 = Release|Any CPU
		{629110B3-8E61-4E7B-86F6-E252B8F0B408}.Release|Any CPU.Deploy.0 = Release|Any CPU
		{5F9D0646-F454-4058-806A-7B07F4124DFB}.Debug|Any CPU.ActiveCfg = Debug|Any CPU
		{5F9D0646-F454-4058-806A-7B07F4124DFB}.Debug|Any CPU.Build.0 = Debug|Any CPU
		{5F9D0646-F454-4058-806A-7B07F4124DFB}.Release|Any CPU.ActiveCfg = Release|Any CPU
		{5F9D0646-F454-4058-806A-7B07F4124DFB}.Release|Any CPU.Build.0 = Release|Any CPU
	EndGlobalSection
	GlobalSection(SolutionProperties) = preSolution
		HideSolutionNode = FALSE
	EndGlobalSection
	GlobalSection(ExtensibilityGlobals) = postSolution
		SolutionGuid = {7A5ACC99-447A-4722-B92F-726770BBE6B1}
	EndGlobalSection
EndGlobal
